
Microsoft Visual Studio Solution File, Format Version 12.00
# Visual Studio Version 17
VisualStudioVersion = 17.1.32421.90
MinimumVisualStudioVersion = 10.0.40219.1
Project("{FAE04EC0-301F-11D3-BF4B-00C04F79EFBC}") = "sebExamination", "sebExamination.csproj", "{6AF6A470-9D70-431B-8A04-348A2B15D06A}"
EndProject
Global
	GlobalSection(SolutionConfigurationPlatforms) = preSolution
		Debug|Any CPU = Debug|Any CPU
		Release|Any CPU = Release|Any CPU
	EndGlobalSection
	GlobalSection(ProjectConfigurationPlatforms) = postSolution
		{6AF6A470-9D70-431B-8A04-348A2B15D06A}.Debug|Any CPU.ActiveCfg = Debug|Any CPU
		{6AF6A470-9D70-431B-8A04-348A2B15D06A}.Debug|Any CPU.Build.0 = Debug|Any CPU
		{6AF6A470-9D70-431B-8A04-348A2B15D06A}.Release|Any CPU.ActiveCfg = Release|Any CPU
		{6AF6A470-9D70-431B-8A04-348A2B15D06A}.Release|Any CPU.Build.0 = Release|Any CPU
	EndGlobalSection
	GlobalSection(SolutionProperties) = preSolution
		HideSolutionNode = FALSE
	EndGlobalSection
	GlobalSection(ExtensibilityGlobals) = postSolution
		SolutionGuid = {A3AA904A-1B89-4E99-9234-16095C4FC45E}
	EndGlobalSection
EndGlobal
